// !$*UTF8*$!
{
	archiveVersion = 1;
	classes = {
	};
	objectVersion = 46;
	objects = {

/* Begin PBXBuildFile section */
		0E2B94111B9985EB004F8197 /* AppDelegate.swift in Sources */ = {isa = PBXBuildFile; fileRef = 0E2B94101B9985EB004F8197 /* AppDelegate.swift */; };
		0E2B94131B9985EB004F8197 /* ViewController.swift in Sources */ = {isa = PBXBuildFile; fileRef = 0E2B94121B9985EB004F8197 /* ViewController.swift */; };
		0E2B94161B9985EB004F8197 /* Main.storyboard in Resources */ = {isa = PBXBuildFile; fileRef = 0E2B94141B9985EB004F8197 /* Main.storyboard */; };
		0E2B94181B9985EB004F8197 /* Images.xcassets in Resources */ = {isa = PBXBuildFile; fileRef = 0E2B94171B9985EB004F8197 /* Images.xcassets */; };
		0E2B94271B9985EB004F8197 /* BullsEyeTests.swift in Sources */ = {isa = PBXBuildFile; fileRef = 0E2B94261B9985EB004F8197 /* BullsEyeTests.swift */; };
		0E2B94311B9BF776004F8197 /* AboutViewController.swift in Sources */ = {isa = PBXBuildFile; fileRef = 0E2B94301B9BF776004F8197 /* AboutViewController.swift */; };
		0E2B94351B9C3E67004F8197 /* BullsEye.html in Resources */ = {isa = PBXBuildFile; fileRef = 0E2B94341B9C3E67004F8197 /* BullsEye.html */; };
		0E2B94381B9C76E4004F8197 /* Default-568h@2x.png in Resources */ = {isa = PBXBuildFile; fileRef = 0E2B94361B9C76E4004F8197 /* Default-568h@2x.png */; };
		0E2B94391B9C76E4004F8197 /* Default@2x.png in Resources */ = {isa = PBXBuildFile; fileRef = 0E2B94371B9C76E4004F8197 /* Default@2x.png */; };
/* End PBXBuildFile section */

/* Begin PBXContainerItemProxy section */
		0E2B94211B9985EB004F8197 /* PBXContainerItemProxy */ = {
			isa = PBXContainerItemProxy;
			containerPortal = 0E2B94031B9985EB004F8197 /* Project object */;
			proxyType = 1;
			remoteGlobalIDString = 0E2B940A1B9985EB004F8197;
			remoteInfo = BullsEye;
		};
/* End PBXContainerItemProxy section */

/* Begin PBXFileReference section */
		0E2B940B1B9985EB004F8197 /* BullsEye.app */ = {isa = PBXFileReference; explicitFileType = wrapper.application; includeInIndex = 0; path = BullsEye.app; sourceTree = BUILT_PRODUCTS_DIR; };
		0E2B940F1B9985EB004F8197 /* Info.plist */ = {isa = PBXFileReference; lastKnownFileType = text.plist.xml; path = Info.plist; sourceTree = "<group>"; };
		0E2B94101B9985EB004F8197 /* AppDelegate.swift */ = {isa = PBXFileReference; lastKnownFileType = sourcecode.swift; path = AppDelegate.swift; sourceTree = "<group>"; };
		0E2B94121B9985EB004F8197 /* ViewController.swift */ = {isa = PBXFileReference; lastKnownFileType = sourcecode.swift; path = ViewController.swift; sourceTree = "<group>"; };
		0E2B94151B9985EB004F8197 /* Base */ = {isa = PBXFileReference; lastKnownFileType = file.storyboard; name = Base; path = Base.lproj/Main.storyboard; sourceTree = "<group>"; };
		0E2B94171B9985EB004F8197 /* Images.xcassets */ = {isa = PBXFileReference; lastKnownFileType = folder.assetcatalog; path = Images.xcassets; sourceTree = "<group>"; };
		0E2B94201B9985EB004F8197 /* BullsEyeTests.xctest */ = {isa = PBXFileReference; explicitFileType = wrapper.cfbundle; includeInIndex = 0; path = BullsEyeTests.xctest; sourceTree = BUILT_PRODUCTS_DIR; };
		0E2B94251B9985EB004F8197 /* Info.plist */ = {isa = PBXFileReference; lastKnownFileType = text.plist.xml; path = Info.plist; sourceTree = "<group>"; };
		0E2B94261B9985EB004F8197 /* BullsEyeTests.swift */ = {isa = PBXFileReference; lastKnownFileType = sourcecode.swift; path = BullsEyeTests.swift; sourceTree = "<group>"; };
		0E2B94301B9BF776004F8197 /* AboutViewController.swift */ = {isa = PBXFileReference; fileEncoding = 4; lastKnownFileType = sourcecode.swift; path = AboutViewController.swift; sourceTree = "<group>"; };
		0E2B94341B9C3E67004F8197 /* BullsEye.html */ = {isa = PBXFileReference; fileEncoding = 4; lastKnownFileType = text.html; path = BullsEye.html; sourceTree = "<group>"; };
		0E2B94361B9C76E4004F8197 /* Default-568h@2x.png */ = {isa = PBXFileReference; lastKnownFileType = image.png; path = "Default-568h@2x.png"; sourceTree = "<group>"; };
		0E2B94371B9C76E4004F8197 /* Default@2x.png */ = {isa = PBXFileReference; lastKnownFileType = image.png; path = "Default@2x.png"; sourceTree = "<group>"; };
/* End PBXFileReference section */

/* Begin PBXFrameworksBuildPhase section */
		0E2B94081B9985EB004F8197 /* Frameworks */ = {
			isa = PBXFrameworksBuildPhase;
			buildActionMask = 2147483647;
			files = (
			);
			runOnlyForDeploymentPostprocessing = 0;
		};
		0E2B941D1B9985EB004F8197 /* Frameworks */ = {
			isa = PBXFrameworksBuildPhase;
			buildActionMask = 2147483647;
			files = (
			);
			runOnlyForDeploymentPostprocessing = 0;
		};
/* End PBXFrameworksBuildPhase section */

/* Begin PBXGroup section */
		0E2B94021B9985EB004F8197 = {
			isa = PBXGroup;
			children = (
				0E2B94361B9C76E4004F8197 /* Default-568h@2x.png */,
				0E2B94371B9C76E4004F8197 /* Default@2x.png */,
				0E2B940D1B9985EB004F8197 /* BullsEye */,
				0E2B94231B9985EB004F8197 /* BullsEyeTests */,
				0E2B940C1B9985EB004F8197 /* Products */,
			);
			sourceTree = "<group>";
		};
		0E2B940C1B9985EB004F8197 /* Products */ = {
			isa = PBXGroup;
			children = (
				0E2B940B1B9985EB004F8197 /* BullsEye.app */,
				0E2B94201B9985EB004F8197 /* BullsEyeTests.xctest */,
			);
			name = Products;
			sourceTree = "<group>";
		};
		0E2B940D1B9985EB004F8197 /* BullsEye */ = {
			isa = PBXGroup;
			children = (
				0E2B94341B9C3E67004F8197 /* BullsEye.html */,
				0E2B94101B9985EB004F8197 /* AppDelegate.swift */,
				0E2B94121B9985EB004F8197 /* ViewController.swift */,
				0E2B94301B9BF776004F8197 /* AboutViewController.swift */,
				0E2B94141B9985EB004F8197 /* Main.storyboard */,
				0E2B94171B9985EB004F8197 /* Images.xcassets */,
				0E2B940E1B9985EB004F8197 /* Supporting Files */,
			);
			path = BullsEye;
			sourceTree = "<group>";
		};
		0E2B940E1B9985EB004F8197 /* Supporting Files */ = {
			isa = PBXGroup;
			children = (
				0E2B940F1B9985EB004F8197 /* Info.plist */,
			);
			name = "Supporting Files";
			sourceTree = "<group>";
		};
		0E2B94231B9985EB004F8197 /* BullsEyeTests */ = {
			isa = PBXGroup;
			children = (
				0E2B94261B9985EB004F8197 /* BullsEyeTests.swift */,
				0E2B94241B9985EB004F8197 /* Supporting Files */,
			);
			path = BullsEyeTests;
			sourceTree = "<group>";
		};
		0E2B94241B9985EB004F8197 /* Supporting Files */ = {
			isa = PBXGroup;
			children = (
				0E2B94251B9985EB004F8197 /* Info.plist */,
			);
			name = "Supporting Files";
			sourceTree = "<group>";
		};
/* End PBXGroup section */

/* Begin PBXNativeTarget section */
		0E2B940A1B9985EB004F8197 /* BullsEye */ = {
			isa = PBXNativeTarget;
			buildConfigurationList = 0E2B942A1B9985EB004F8197 /* Build configuration list for PBXNativeTarget "BullsEye" */;
			buildPhases = (
				0E2B94071B9985EB004F8197 /* Sources */,
				0E2B94081B9985EB004F8197 /* Frameworks */,
				0E2B94091B9985EB004F8197 /* Resources */,
			);
			buildRules = (
			);
			dependencies = (
			);
			name = BullsEye;
			productName = BullsEye;
			productReference = 0E2B940B1B9985EB004F8197 /* BullsEye.app */;
			productType = "com.apple.product-type.application";
		};
		0E2B941F1B9985EB004F8197 /* BullsEyeTests */ = {
			isa = PBXNativeTarget;
			buildConfigurationList = 0E2B942D1B9985EB004F8197 /* Build configuration list for PBXNativeTarget "BullsEyeTests" */;
			buildPhases = (
				0E2B941C1B9985EB004F8197 /* Sources */,
				0E2B941D1B9985EB004F8197 /* Frameworks */,
				0E2B941E1B9985EB004F8197 /* Resources */,
			);
			buildRules = (
			);
			dependencies = (
				0E2B94221B9985EB004F8197 /* PBXTargetDependency */,
			);
			name = BullsEyeTests;
			productName = BullsEyeTests;
			productReference = 0E2B94201B9985EB004F8197 /* BullsEyeTests.xctest */;
			productType = "com.apple.product-type.bundle.unit-test";
		};
/* End PBXNativeTarget section */

/* Begin PBXProject section */
		0E2B94031B9985EB004F8197 /* Project object */ = {
			isa = PBXProject;
			attributes = {
				LastUpgradeCheck = 0640;
				ORGANIZATIONNAME = Yasuhiro;
				TargetAttributes = {
					0E2B940A1B9985EB004F8197 = {
						CreatedOnToolsVersion = 6.4;
					};
					0E2B941F1B9985EB004F8197 = {
						CreatedOnToolsVersion = 6.4;
						TestTargetID = 0E2B940A1B9985EB004F8197;
					};
				};
			};
			buildConfigurationList = 0E2B94061B9985EB004F8197 /* Build configuration list for PBXProject "BullsEye" */;
			compatibilityVersion = "Xcode 3.2";
			developmentRegion = English;
			hasScannedForEncodings = 0;
			knownRegions = (
				en,
				Base,
			);
			mainGroup = 0E2B94021B9985EB004F8197;
			productRefGroup = 0E2B940C1B9985EB004F8197 /* Products */;
			projectDirPath = "";
			projectRoot = "";
			targets = (
				0E2B940A1B9985EB004F8197 /* BullsEye */,
				0E2B941F1B9985EB004F8197 /* BullsEyeTests */,
			);
		};
/* End PBXProject section */

/* Begin PBXResourcesBuildPhase section */
		0E2B94091B9985EB004F8197 /* Resources */ = {
			isa = PBXResourcesBuildPhase;
			buildActionMask = 2147483647;
			files = (
				0E2B94161B9985EB004F8197 /* Main.storyboard in Resources */,
				0E2B94381B9C76E4004F8197 /* Default-568h@2x.png in Resources */,
				0E2B94391B9C76E4004F8197 /* Default@2x.png in Resources */,
				0E2B94351B9C3E67004F8197 /* BullsEye.html in Resources */,
				0E2B94181B9985EB004F8197 /* Images.xcassets in Resources */,
			);
			runOnlyForDeploymentPostprocessing = 0;
		};
		0E2B941E1B9985EB004F8197 /* Resources */ = {
			isa = PBXResourcesBuildPhase;
			buildActionMask = 2147483647;
			files = (
			);
			runOnlyForDeploymentPostprocessing = 0;
		};
/* End PBXResourcesBuildPhase section */

/* Begin PBXSourcesBuildPhase section */
		0E2B94071B9985EB004F8197 /* Sources */ = {
			isa = PBXSourcesBuildPhase;
			buildActionMask = 2147483647;
			files = (
				0E2B94311B9BF776004F8197 /* AboutViewController.swift in Sources */,
				0E2B94131B9985EB004F8197 /* ViewController.swift in Sources */,
				0E2B94111B9985EB004F8197 /* AppDelegate.swift in Sources */,
			);
			runOnlyForDeploymentPostprocessing = 0;
		};
		0E2B941C1B9985EB004F8197 /* Sources */ = {
			isa = PBXSourcesBuildPhase;
			buildActionMask = 2147483647;
			files = (
				0E2B94271B9985EB004F8197 /* BullsEyeTests.swift in Sources */,
			);
			runOnlyForDeploymentPostprocessing = 0;
		};
/* End PBXSourcesBuildPhase section */

/* Begin PBXTargetDependency section */
		0E2B94221B9985EB004F8197 /* PBXTargetDependency */ = {
			isa = PBXTargetDependency;
			target = 0E2B940A1B9985EB004F8197 /* BullsEye */;
			targetProxy = 0E2B94211B9985EB004F8197 /* PBXContainerItemProxy */;
		};
/* End PBXTargetDependency section */

/* Begin PBXVariantGroup section */
		0E2B94141B9985EB004F8197 /* Main.storyboard */ = {
			isa = PBXVariantGroup;
			children = (
				0E2B94151B9985EB004F8197 /* Base */,
			);
			name = Main.storyboard;
			sourceTree = "<group>";
		};
/* End PBXVariantGroup section */

/* Begin XCBuildConfiguration section */
		0E2B94281B9985EB004F8197 /* Debug */ = {
			isa = XCBuildConfiguration;
			buildSettings = {
				ALWAYS_SEARCH_USER_PATHS = NO;
				CLANG_CXX_LANGUAGE_STANDARD = "gnu++0x";
				CLANG_CXX_LIBRARY = "libc++";
				CLANG_ENABLE_MODULES = YES;
				CLANG_ENABLE_OBJC_ARC = YES;
				CLANG_WARN_BOOL_CONVERSION = YES;
				CLANG_WARN_CONSTANT_CONVERSION = YES;
				CLANG_WARN_DIRECT_OBJC_ISA_USAGE = YES_ERROR;
				CLANG_WARN_EMPTY_BODY = YES;
				CLANG_WARN_ENUM_CONVERSION = YES;
				CLANG_WARN_INT_CONVERSION = YES;
				CLANG_WARN_OBJC_ROOT_CLASS = YES_ERROR;
				CLANG_WARN_UNREACHABLE_CODE = YES;
				CLANG_WARN__DUPLICATE_METHOD_MATCH = YES;
				"CODE_SIGN_IDENTITY[sdk=iphoneos*]" = "iPhone Developer";
				COPY_PHASE_STRIP = NO;
				DEBUG_INFORMATION_FORMAT = "dwarf-with-dsym";
				ENABLE_STRICT_OBJC_MSGSEND = YES;
				GCC_C_LANGUAGE_STANDARD = gnu99;
				GCC_DYNAMIC_NO_PIC = NO;
				GCC_NO_COMMON_BLOCKS = YES;
				GCC_OPTIMIZATION_LEVEL = 0;
				GCC_PREPROCESSOR_DEFINITIONS = (
					"DEBUG=1",
					"$(inherited)",
				);
				GCC_SYMBOLS_PRIVATE_EXTERN = NO;
				GCC_WARN_64_TO_32_BIT_CONVERSION = YES;
				GCC_WARN_ABOUT_RETURN_TYPE = YES_ERROR;
				GCC_WARN_UNDECLARED_SELECTOR = YES;
				GCC_WARN_UNINITIALIZED_AUTOS = YES_AGGRESSIVE;
				GCC_WARN_UNUSED_FUNCTION = YES;
				GCC_WARN_UNUSED_VARIABLE = YES;
				IPHONEOS_DEPLOYMENT_TARGET = 8.4;
				MTL_ENABLE_DEBUG_INFO = YES;
				ONLY_ACTIVE_ARCH = YES;
				SDKROOT = iphoneos;
				SWIFT_OPTIMIZATION_LEVEL = "-Onone";
			};
			name = Debug;
		};
		0E2B94291B9985EB004F8197 /* Release */ = {
			isa = XCBuildConfiguration;
			buildSettings = {
				ALWAYS_SEARCH_USER_PATHS = NO;
				CLANG_CXX_LANGUAGE_STANDARD = "gnu++0x";
				CLANG_CXX_LIBRARY = "libc++";
				CLANG_ENABLE_MODULES = YES;
				CLANG_ENABLE_OBJC_ARC = YES;
				CLANG_WARN_BOOL_CONVERSION = YES;
				CLANG_WARN_CONSTANT_CONVERSION = YES;
				CLANG_WARN_DIRECT_OBJC_ISA_USAGE = YES_ERROR;
				CLANG_WARN_EMPTY_BODY = YES;
				CLANG_WARN_ENUM_CONVERSION = YES;
				CLANG_WARN_INT_CONVERSION = YES;
				CLANG_WARN_OBJC_ROOT_CLASS = YES_ERROR;
				CLANG_WARN_UNREACHABLE_CODE = YES;
				CLANG_WARN__DUPLICATE_METHOD_MATCH = YES;
				"CODE_SIGN_IDENTITY[sdk=iphoneos*]" = "iPhone Developer";
				COPY_PHASE_STRIP = NO;
				DEBUG_INFORMATION_FORMAT = "dwarf-with-dsym";
				ENABLE_NS_ASSERTIONS = NO;
				ENABLE_STRICT_OBJC_MSGSEND = YES;
				GCC_C_LANGUAGE_STANDARD = gnu99;
				GCC_NO_COMMON_BLOCKS = YES;
				GCC_WARN_64_TO_32_BIT_CONVERSION = YES;
				GCC_WARN_ABOUT_RETURN_TYPE = YES_ERROR;
				GCC_WARN_UNDECLARED_SELECTOR = YES;
				GCC_WARN_UNINITIALIZED_AUTOS = YES_AGGRESSIVE;
				GCC_WARN_UNUSED_FUNCTION = YES;
				GCC_WARN_UNUSED_VARIABLE = YES;
				IPHONEOS_DEPLOYMENT_TARGET = 8.4;
				MTL_ENABLE_DEBUG_INFO = NO;
				SDKROOT = iphoneos;
				VALIDATE_PRODUCT = YES;
			};
			name = Release;
		};
		0E2B942B1B9985EB004F8197 /* Debug */ = {
			isa = XCBuildConfiguration;
			buildSettings = {
				ASSETCATALOG_COMPILER_APPICON_NAME = AppIcon;
				INFOPLIST_FILE = BullsEye/Info.plist;
				LD_RUNPATH_SEARCH_PATHS = "$(inherited) @executable_path/Frameworks";
				PRODUCT_NAME = "$(TARGET_NAME)";
			};
			name = Debug;
		};
		0E2B942C1B9985EB004F8197 /* Release */ = {
			isa = XCBuildConfiguration;
			buildSettings = {
				ASSETCATALOG_COMPILER_APPICON_NAME = AppIcon;
				INFOPLIST_FILE = BullsEye/Info.plist;
				LD_RUNPATH_SEARCH_PATHS = "$(inherited) @executable_path/Frameworks";
				PRODUCT_NAME = "$(TARGET_NAME)";
			};
			name = Release;
		};
		0E2B942E1B9985EB004F8197 /* Debug */ = {
			isa = XCBuildConfiguration;
			buildSettings = {
				BUNDLE_LOADER = "$(TEST_HOST)";
				FRAMEWORK_SEARCH_PATHS = (
					"$(SDKROOT)/Developer/Library/Frameworks",
					"$(inherited)",
				);
				GCC_PREPROCESSOR_DEFINITIONS = (
					"DEBUG=1",
					"$(inherited)",
				);
				INFOPLIST_FILE = BullsEyeTests/Info.plist;
				LD_RUNPATH_SEARCH_PATHS = "$(inherited) @executable_path/Frameworks @loader_path/Frameworks";
				PRODUCT_NAME = "$(TARGET_NAME)";
				TEST_HOST = "$(BUILT_PRODUCTS_DIR)/BullsEye.app/BullsEye";
			};
			name = Debug;
		};
		0E2B942F1B9985EB004F8197 /* Release */ = {
			isa = XCBuildConfiguration;
			buildSettings = {
				BUNDLE_LOADER = "$(TEST_HOST)";
				FRAMEWORK_SEARCH_PATHS = (
					"$(SDKROOT)/Developer/Library/Frameworks",
					"$(inherited)",
				);
				INFOPLIST_FILE = BullsEyeTests/Info.plist;
				LD_RUNPATH_SEARCH_PATHS = "$(inherited) @executable_path/Frameworks @loader_path/Frameworks";
				PRODUCT_NAME = "$(TARGET_NAME)";
				TEST_HOST = "$(BUILT_PRODUCTS_DIR)/BullsEye.app/BullsEye";
			};
			name = Release;
		};
/* End XCBuildConfiguration section */

/* Begin XCConfigurationList section */
		0E2B94061B9985EB004F8197 /* Build configuration list for PBXProject "BullsEye" */ = {
			isa = XCConfigurationList;
			buildConfigurations = (
				0E2B94281B9985EB004F8197 /* Debug */,
				0E2B94291B9985EB004F8197 /* Release */,
			);
			defaultConfigurationIsVisible = 0;
			defaultConfigurationName = Release;
		};
		0E2B942A1B9985EB004F8197 /* Build configuration list for PBXNativeTarget "BullsEye" */ = {
			isa = XCConfigurationList;
			buildConfigurations = (
				0E2B942B1B9985EB004F8197 /* Debug */,
				0E2B942C1B9985EB004F8197 /* Release */,
			);
			defaultConfigurationIsVisible = 0;
		};
		0E2B942D1B9985EB004F8197 /* Build configuration list for PBXNativeTarget "BullsEyeTests" */ = {
			isa = XCConfigurationList;
			buildConfigurations = (
				0E2B942E1B9985EB004F8197 /* Debug */,
				0E2B942F1B9985EB004F8197 /* Release */,
			);
			defaultConfigurationIsVisible = 0;
		};
/* End XCConfigurationList section */
	};
	rootObject = 0E2B94031B9985EB004F8197 /* Project object */;
}
